
Microsoft Visual Studio Solution File, Format Version 12.00
# Visual Studio Version 17
VisualStudioVersion = 17.9.34728.123
MinimumVisualStudioVersion = 10.0.40219.1
Project("{8BC9CEB8-8B4A-11D0-8D11-00A0C91BC942}") = "C__part1", "C__part1\C__part1.vcxproj", "{DEC9866D-D532-45FB-ACCE-2FBF985C35BB}"
EndProject
Project("{8BC9CEB8-8B4A-11D0-8D11-00A0C91BC942}") = "C_part1_1", "C_part1_1\C_part1_1.vcxproj", "{7B654B1C-3DC3-400A-B8E9-1657B3EB7A2B}"
EndProject
Project("{8BC9CEB8-8B4A-11D0-8D11-00A0C91BC942}") = "C_part1_2", "C_part1_2\C_part1_2.vcxproj", "{19BC1186-1B89-4CDD-B8CC-B2518B9A4049}"
EndProject
Project("{8BC9CEB8-8B4A-11D0-8D11-00A0C91BC942}") = "C_part2_2", "C_part2\C_part2.vcxproj", "{BF5C8B7D-18C9-40F8-B66E-2109C6A47912}"
EndProject
Project("{8BC9CEB8-8B4A-11D0-8D11-00A0C91BC942}") = "C_part2_3", "C_part2_3\C_part2_3.vcxproj", "{7E4239E9-9CE0-451A-BB82-4C74A7654536}"
EndProject
Global
	GlobalSection(SolutionConfigurationPlatforms) = preSolution
		Debug|x64 = Debug|x64
		Debug|x86 = Debug|x86
		Release|x64 = Release|x64
		Release|x86 = Release|x86
	EndGlobalSection
	GlobalSection(ProjectConfigurationPlatforms) = postSolution
		{DEC9866D-D532-45FB-ACCE-2FBF985C35BB}.Debug|x64.ActiveCfg = Debug|x64
		{DEC9866D-D532-45FB-ACCE-2FBF985C35BB}.Debug|x64.Build.0 = Debug|x64
		{DEC9866D-D532-45FB-ACCE-2FBF985C35BB}.Debug|x86.ActiveCfg = Debug|Win32
		{DEC9866D-D532-45FB-ACCE-2FBF985C35BB}.Debug|x86.Build.0 = Debug|Win32
		{DEC9866D-D532-45FB-ACCE-2FBF985C35BB}.Release|x64.ActiveCfg = Release|x64
		{DEC9866D-D532-45FB-ACCE-2FBF985C35BB}.Release|x64.Build.0 = Release|x64
		{DEC9866D-D532-45FB-ACCE-2FBF985C35BB}.Release|x86.ActiveCfg = Release|Win32
		{DEC9866D-D532-45FB-ACCE-2FBF985C35BB}.Release|x86.Build.0 = Release|Win32
		{7B654B1C-3DC3-400A-B8E9-1657B3EB7A2B}.Debug|x64.ActiveCfg = Debug|x64
		{7B654B1C-3DC3-400A-B8E9-1657B3EB7A2B}.Debug|x64.Build.0 = Debug|x64
		{7B654B1C-3DC3-400A-B8E9-1657B3EB7A2B}.Debug|x86.ActiveCfg = Debug|Win32
		{7B654B1C-3DC3-400A-B8E9-1657B3EB7A2B}.Debug|x86.Build.0 = Debug|Win32
		{7B654B1C-3DC3-400A-B8E9-1657B3EB7A2B}.Release|x64.ActiveCfg = Release|x64
		{7B654B1C-3DC3-400A-B8E9-1657B3EB7A2B}.Release|x64.Build.0 = Release|x64
		{7B654B1C-3DC3-400A-B8E9-1657B3EB7A2B}.Release|x86.ActiveCfg = Release|Win32
		{7B654B1C-3DC3-400A-B8E9-1657B3EB7A2B}.Release|x86.Build.0 = Release|Win32
		{19BC1186-1B89-4CDD-B8CC-B2518B9A4049}.Debug|x64.ActiveCfg = Debug|x64
		{19BC1186-1B89-4CDD-B8CC-B2518B9A4049}.Debug|x64.Build.0 = Debug|x64
		{19BC1186-1B89-4CDD-B8CC-B2518B9A4049}.Debug|x86.ActiveCfg = Debug|Win32
		{19BC1186-1B89-4CDD-B8CC-B2518B9A4049}.Debug|x86.Build.0 = Debug|Win32
		{19BC1186-1B89-4CDD-B8CC-B2518B9A4049}.Release|x64.ActiveCfg = Release|x64
		{19BC1186-1B89-4CDD-B8CC-B2518B9A4049}.Release|x64.Build.0 = Release|x64
		{19BC1186-1B89-4CDD-B8CC-B2518B9A4049}.Release|x86.ActiveCfg = Release|Win32
		{19BC1186-1B89-4CDD-B8CC-B2518B9A4049}.Release|x86.Build.0 = Release|Win32
		{BF5C8B7D-18C9-40F8-B66E-2109C6A47912}.Debug|x64.ActiveCfg = Debug|x64
		{BF5C8B7D-18C9-40F8-B66E-2109C6A47912}.Debug|x64.Build.0 = Debug|x64
		{BF5C8B7D-18C9-40F8-B66E-2109C6A47912}.Debug|x86.ActiveCfg = Debug|Win32
		{BF5C8B7D-18C9-40F8-B66E-2109C6A47912}.Debug|x86.Build.0 = Debug|Win32
		{BF5C8B7D-18C9-40F8-B66E-2109C6A47912}.Release|x64.ActiveCfg = Release|x64
		{BF5C8B7D-18C9-40F8-B66E-2109C6A47912}.Release|x64.Build.0 = Release|x64
		{BF5C8B7D-18C9-40F8-B66E-2109C6A47912}.Release|x86.ActiveCfg = Release|Win32
		{BF5C8B7D-18C9-40F8-B66E-2109C6A47912}.Release|x86.Build.0 = Release|Win32
		{7E4239E9-9CE0-451A-BB82-4C74A7654536}.Debug|x64.ActiveCfg = Debug|x64
		{7E4239E9-9CE0-451A-BB82-4C74A7654536}.Debug|x64.Build.0 = Debug|x64
		{7E4239E9-9CE0-451A-BB82-4C74A7654536}.Debug|x86.ActiveCfg = Debug|Win32
		{7E4239E9-9CE0-451A-BB82-4C74A7654536}.Debug|x86.Build.0 = Debug|Win32
		{7E4239E9-9CE0-451A-BB82-4C74A7654536}.Release|x64.ActiveCfg = Release|x64
		{7E4239E9-9CE0-451A-BB82-4C74A7654536}.Release|x64.Build.0 = Release|x64
		{7E4239E9-9CE0-451A-BB82-4C74A7654536}.Release|x86.ActiveCfg = Release|Win32
		{7E4239E9-9CE0-451A-BB82-4C74A7654536}.Release|x86.Build.0 = Release|Win32
	EndGlobalSection
	GlobalSection(SolutionProperties) = preSolution
		HideSolutionNode = FALSE
	EndGlobalSection
	GlobalSection(ExtensibilityGlobals) = postSolution
		SolutionGuid = {FD06BDED-C2F7-412C-B278-161069147805}
	EndGlobalSection
EndGlobal
